
Microsoft Visual Studio Solution File, Format Version 12.00
# Visual Studio Version 16
VisualStudioVersion = 16.0.30011.22
MinimumVisualStudioVersion = 10.0.40219.1
Project("{FAE04EC0-301F-11D3-BF4B-00C04F79EFBC}") = "lecture-recording-manager", "lecture-recording-manager\lecture-recording-manager.csproj", "{EC882CAA-9932-4E54-976F-5A5D2C26703A}"
EndProject
Global
	GlobalSection(SolutionConfigurationPlatforms) = preSolution
		Debug|Any CPU = Debug|Any CPU
		Release|Any CPU = Release|Any CPU
	EndGlobalSection
	GlobalSection(ProjectConfigurationPlatforms) = postSolution
		{EC882CAA-9932-4E54-976F-5A5D2C26703A}.Debug|Any CPU.ActiveCfg = Debug|Any CPU
		{EC882CAA-9932-4E54-976F-5A5D2C26703A}.Debug|Any CPU.Build.0 = Debug|Any CPU
		{EC882CAA-9932-4E54-976F-5A5D2C26703A}.Release|Any CPU.ActiveCfg = Release|Any CPU
		{EC882CAA-9932-4E54-976F-5A5D2C26703A}.Release|Any CPU.Build.0 = Release|Any CPU
	EndGlobalSection
	GlobalSection(SolutionProperties) = preSolution
		HideSolutionNode = FALSE
	EndGlobalSection
	GlobalSection(ExtensibilityGlobals) = postSolution
		SolutionGuid = {29AA3EDC-246E-4D9F-93AD-CC050BC7873C}
	EndGlobalSection
EndGlobal
